lockfileVersion: '9.0'

settings:
  autoInstallPeers: true
  excludeLinksFromLockfile: false

importers:

  .:
    devDependencies:
      '@shopify/prettier-plugin-liquid':
        specifier: ^1.10.0
        version: 1.10.0(prettier@3.8.0)
      bulma:
        specifier: ^1.0.4
        version: 1.0.4
      lightningcss-cli:
        specifier: ^1.30.2
        version: 1.30.2
      pagefind:
        specifier: ^1.4.0
        version: 1.4.0
      prettier:
        specifier: ^3.8.0
        version: 3.8.0
      purgecss:
        specifier: ^8.0.0
        version: 8.0.0

packages:

  '@nodelib/fs.scandir@2.1.5':
    resolution: {integrity: sha512-vq24Bq3ym5HEQm2NKCr3yXDwjc7vTsEThRDnkp2DK9p1uqLR+DHurm/NOTo0KG7HYHU7eppKZj3MyqYuMBf62g==}
    engines: {node: '>= 8'}

  '@nodelib/fs.stat@2.0.5':
    resolution: {integrity: sha512-RkhPPp2zrqDAQA/2jNhnztcPAlv64XdhIp7a7454A5ovI7Bukxgt7MX7udwAu3zg1DcpPU0rz3VV1SeaqvY4+A==}
    engines: {node: '>= 8'}

  '@nodelib/fs.walk@1.2.8':
    resolution: {integrity: sha512-oGB+UxlgWcgQkgwo8GcEGwemoTFt3FIO9ababBmaGwXIoBKZ+GTy0pP185beGg7Llih/NSHSV2XAs1lnznocSg==}
    engines: {node: '>= 8'}

  '@pagefind/darwin-arm64@1.4.0':
    resolution: {integrity: sha512-2vMqkbv3lbx1Awea90gTaBsvpzgRs7MuSgKDxW0m9oV1GPZCZbZBJg/qL83GIUEN2BFlY46dtUZi54pwH+/pTQ==}
    cpu: [arm64]
    os: [darwin]

  '@pagefind/darwin-x64@1.4.0':
    resolution: {integrity: sha512-e7JPIS6L9/cJfow+/IAqknsGqEPjJnVXGjpGm25bnq+NPdoD3c/7fAwr1OXkG4Ocjx6ZGSCijXEV4ryMcH2E3A==}
    cpu: [x64]
    os: [darwin]

  '@pagefind/freebsd-x64@1.4.0':
    resolution: {integrity: sha512-WcJVypXSZ+9HpiqZjFXMUobfFfZZ6NzIYtkhQ9eOhZrQpeY5uQFqNWLCk7w9RkMUwBv1HAMDW3YJQl/8OqsV0Q==}
    cpu: [x64]
    os: [freebsd]

  '@pagefind/linux-arm64@1.4.0':
    resolution: {integrity: sha512-PIt8dkqt4W06KGmQjONw7EZbhDF+uXI7i0XtRLN1vjCUxM9vGPdtJc2mUyVPevjomrGz5M86M8bqTr6cgDp1Uw==}
    cpu: [arm64]
    os: [linux]

  '@pagefind/linux-x64@1.4.0':
    resolution: {integrity: sha512-z4oddcWwQ0UHrTHR8psLnVlz6USGJ/eOlDPTDYZ4cI8TK8PgwRUPQZp9D2iJPNIPcS6Qx/E4TebjuGJOyK8Mmg==}
    cpu: [x64]
    os: [linux]

  '@pagefind/windows-x64@1.4.0':
    resolution: {integrity: sha512-NkT+YAdgS2FPCn8mIA9bQhiBs+xmniMGq1LFPDhcFn0+2yIUEiIG06t7bsZlhdjknEQRTSdT7YitP6fC5qwP0g==}
    cpu: [x64]
    os: [win32]

  '@shopify/liquid-html-parser@2.9.0':
    resolution: {integrity: sha512-bkI4tLbU47YUxpgbMa9fgeJjFEMvRNEFL644Yk0ZKo5H1IRzU4pPyCQ6PkGvb0JJnt7OZ+RDGvb6ZLCnAR2Z/A==}

  '@shopify/prettier-plugin-liquid@1.10.0':
    resolution: {integrity: sha512-csHYjwuT34o8ja6EY0dUBYQS5UVwsKwRYxGiuG816Ov0B8lVd8FUjOwWUk2SnrNx3cGgL0no7z+Byapp7sC1Uw==}
    peerDependencies:
      prettier: ^2.0.0 || ^3.0.0

  braces@3.0.3:
    resolution: {integrity: sha512-yQbXgO/OSZVD2IsiLlro+7Hf6Q18EJrKSEsdoMzKePKXct3gvD8oLcOQdIzGupr5Fj+EDe8gO/lxc1BzfMpxvA==}
    engines: {node: '>=8'}

  bulma@1.0.4:
    resolution: {integrity: sha512-Ffb6YGXDiZYX3cqvSbHWqQ8+LkX6tVoTcZuVB3lm93sbAVXlO0D6QlOTMnV6g18gILpAXqkG2z9hf9z4hCjz2g==}

  commander@12.1.0:
    resolution: {integrity: sha512-Vw8qHK3bZM9y/P10u3Vib8o/DdkvA2OtPtZvD871QKjy74Wj1WSKFILMPRPSdUSx5RFK1arlJzEtA4PkFgnbuA==}
    engines: {node: '>=18'}

  cssesc@3.0.0:
    resolution: {integrity: sha512-/Tb/JcjK111nNScGob5MNtsntNM1aCNUDipB/TkwZFhyDrrE47SOx/18wF2bbjgc3ZzCSKW1T5nt5EbFoAz/Vg==}
    engines: {node: '>=4'}
    hasBin: true

  detect-libc@2.1.2:
    resolution: {integrity: sha512-Btj2BOOO83o3WyH59e8MgXsxEQVcarkUOpEYrubB0urwnN10yQ364rsiByU11nZlqWYZm05i/of7io4mzihBtQ==}
    engines: {node: '>=8'}

  fast-glob@3.3.3:
    resolution: {integrity: sha512-7MptL8U0cqcFdzIzwOTHoilX9x5BrNqye7Z/LuC7kCMRio1EMSyqRK3BEAUD7sXRq4iT4AzTVuZdhgQ2TCvYLg==}
    engines: {node: '>=8.6.0'}

  fastq@1.20.1:
    resolution: {integrity: sha512-GGToxJ/w1x32s/D2EKND7kTil4n8OVk/9mycTc4VDza13lOvpUZTGX3mFSCtV9ksdGBVzvsyAVLM6mHFThxXxw==}

  fill-range@7.1.1:
    resolution: {integrity: sha512-YsGpe3WHLK8ZYi4tWDg2Jy3ebRz2rXowDxnld4bkQB00cc/1Zw9AWnC0i9ztDJitivtQvaI9KaLyKrc+hBW0yg==}
    engines: {node: '>=8'}

  glob-parent@5.1.2:
    resolution: {integrity: sha512-AOIgSQCepiJYwP3ARnGx+5VnTu2HBYdzbGP45eLw1vr3zB3vZLeyed1sC9hnbcOc9/SrMyM5RPQrkGz4aS9Zow==}
    engines: {node: '>= 6'}

  html-styles@1.0.0:
    resolution: {integrity: sha512-cDl5dcj73oI4Hy0DSUNh54CAwslNLJRCCoO+RNkVo+sBrjA/0+7E/xzvj3zH/GxbbBLGJhE0hBe1eg+0FINC6w==}

  is-extglob@2.1.1:
    resolution: {integrity: sha512-SbKbANkN603Vi4jEZv49LeVJMn4yGwsbzZworEoyEiutsN3nJYdbO36zfhGJ6QEDpOZIFkDtnq5JRxmvl3jsoQ==}
    engines: {node: '>=0.10.0'}

  is-glob@4.0.3:
    resolution: {integrity: sha512-xelSayHH36ZgE7ZWhli7pW34hNbNl8Ojv5KVmkJD4hBdD3th8Tfk9vYasLM+mXWOZhFkgZfxhLSnrwRr4elSSg==}
    engines: {node: '>=0.10.0'}

  is-number@7.0.0:
    resolution: {integrity: sha512-41Cifkg6e8TylSpdtTpeLVMqvSBEVzTttHvERD741+pnZ8ANv0004MRL43QKPDlK9cGvNp6NZWZUBlbGXYxxng==}
    engines: {node: '>=0.12.0'}

  isarray@1.0.0:
    resolution: {integrity: sha512-VLghIWNM6ELQzo7zwmcg0NmTVyWKYjvIeM83yjp0wRDTmUnrM678fQbcKBo6n2CJEF0szoG//ytg+TKla89ALQ==}

  isobject@2.1.0:
    resolution: {integrity: sha512-+OUdGJlgjOBZDfxnDjYYG6zp487z0JGNQq3cYQYg5f5hKR+syHMsaztzGeml/4kGG55CSpKSpWTY+jYGgsHLgA==}
    engines: {node: '>=0.10.0'}

  lightningcss-cli-android-arm64@1.30.2:
    resolution: {integrity: sha512-CcntRK9yNjFRiZKwW9m4sf5WYYNOGxlD4ROymyIb+KPbsrEBAZSaknoUM1aIhuhvB/TUTtVmPKvt/Zu0LeSR7g==}
    engines: {node: '>= 12.0.0'}
    cpu: [arm64]
    os: [android]

  lightningcss-cli-darwin-arm64@1.30.2:
    resolution: {integrity: sha512-Z2STTSes07R2R5tOPY85HipU+z1SwUBV2Yp5emAcqL+o5RsOAE1JWbkloQWa++8R6b/gxzD11VPM3WtCCqL8Gg==}
    engines: {node: '>= 12.0.0'}
    cpu: [arm64]
    os: [darwin]

  lightningcss-cli-darwin-x64@1.30.2:
    resolution: {integrity: sha512-N0IGWWsLnv81sDw9i/vvaisp55uDnhoapGBEJ8lMED064CsUHpLCK7L/5B8kFj8UI97zL+xb7KTTGOHkcC8skg==}
    engines: {node: '>= 12.0.0'}
    cpu: [x64]
    os: [darwin]

  lightningcss-cli-freebsd-x64@1.30.2:
    resolution: {integrity: sha512-17pN+hnxU2fPOGhGzMhPf2KZrIFFwEtrIZYshGDM/jhskJmDq57DAt5esh7PVDUjNkD7JDt3a7E9xJEVltc2Kg==}
    engines: {node: '>= 12.0.0'}
    cpu: [x64]
    os: [freebsd]

  lightningcss-cli-linux-arm-gnueabihf@1.30.2:
    resolution: {integrity: sha512-aaeEtZXqvNWDyHYCThugev1YPGlouvY9lE+o9QJg/Z5GTNb/1EM2TaTBGEwdG5m1ChYukc2lD5CPIEHjQ7qzSA==}
    engines: {node: '>= 12.0.0'}
    cpu: [arm]
    os: [linux]

  lightningcss-cli-linux-arm64-gnu@1.30.2:
    resolution: {integrity: sha512-XhgByx2H85MeEWGtI0XR+ugtQRBc/bvRN8gSGdXa3YqVONmACsLj7shatVHmqVOaPgtnevKVKl7wtqfN9pW96A==}
    engines: {node: '>= 12.0.0'}
    cpu: [arm64]
    os: [linux]

  lightningcss-cli-linux-arm64-musl@1.30.2:
    resolution: {integrity: sha512-UR7/N/33b8sG9e07TccxJvWxvNdlMFglesdgv1fi+wMa8sbN3tBPXOGj67B5nlVWHskYD9bHLPahemRWxnNuHQ==}
    engines: {node: '>= 12.0.0'}
    cpu: [arm64]
    os: [linux]

  lightningcss-cli-linux-x64-gnu@1.30.2:
    resolution: {integrity: sha512-W6U9LNo+4mCsEB22AIvtRVGp8NETN4by9U2AIRDzZbYZYb7W9+1H56xKzb/2ABQEAoDrh/7027I/XDheuGrlZg==}
    engines: {node: '>= 12.0.0'}
    cpu: [x64]
    os: [linux]

  lightningcss-cli-linux-x64-musl@1.30.2:
    resolution: {integrity: sha512-Qe6hwTXmc37LnKPIyoY20EQgHsVoAeTUF389Bt7sJfK5JZPLm7EyVvqkO4DukCx4Dv4DSskU03o+qT1+s6UeVw==}
    engines: {node: '>= 12.0.0'}
    cpu: [x64]
    os: [linux]

  lightningcss-cli-win32-arm64-msvc@1.30.2:
    resolution: {integrity: sha512-PZrkKHhYncBRh/Xe2Voa7t7ors+zUMU8hm5qOLgR0W5NfhbwwjLBXa3+fFF+BVdpTeyjLGF1ovzKIWSF1rMN/g==}
    engines: {node: '>= 12.0.0'}
    cpu: [arm64]
    os: [win32]

  lightningcss-cli-win32-x64-msvc@1.30.2:
    resolution: {integrity: sha512-5VUIS1Dcbkcy2SDr7vBlKfwpSx2BUlZwmvoRVWA+OkkLsQhVUtLUKheJJXsOFruBn9uV8FH8KPLkvTJzuGFLyQ==}
    engines: {node: '>= 12.0.0'}
    cpu: [x64]
    os: [win32]

  lightningcss-cli@1.30.2:
    resolution: {integrity: sha512-vTm/775SqvQ74T0y4twiqjopXV6SnAFguuRpnbKUE9aXxqJGxWJoHS77ZRkJj3dKmnD61ejOawg3FBiTT8/3Tw==}
    engines: {node: '>= 12.0.0'}
    hasBin: true

  line-column@1.0.2:
    resolution: {integrity: sha512-Ktrjk5noGYlHsVnYWh62FLVs4hTb8A3e+vucNZMgPeAOITdshMSgv4cCZQeRDjm7+goqmo6+liZwTXo+U3sVww==}

  merge2@1.4.1:
    resolution: {integrity: sha512-8q7VEgMJW4J8tcfVPy8g09NcQwZdbwFEqhe/WZkoIzjn/3TGDwtOCYtXGxA3O8tPzpczCCDgv+P2P5y00ZJOOg==}
    engines: {node: '>= 8'}

  micromatch@4.0.8:
    resolution: {integrity: sha512-PXwfBhYu0hBCPw8Dn0E+WDYb7af3dSLVWKi3HGv84IdF4TyFoC0ysxFd0Goxw7nSv4T/PzEJQxsYsEiFCKo2BA==}
    engines: {node: '>=8.6'}

  nanoid@3.3.11:
    resolution: {integrity: sha512-N8SpfPUnUp1bK+PMYW8qSWdl9U+wwNWI4QKxOYDy9JAro3WMX7p2OeVRF9v+347pnakNevPmiHhNmZ2HbFA76w==}
    engines: {node: ^10 || ^12 || ^13.7 || ^14 || >=15.0.1}
    hasBin: true

  ohm-js@17.3.0:
    resolution: {integrity: sha512-LySMdjweN1hKBMMV8lM44+1wiewkndDNNJxtgVAscs7y683MXCdQZLsIaw64/p8NuqYbKOWZoHIOA5DU/xchoA==}
    engines: {node: '>=0.12.1'}

  pagefind@1.4.0:
    resolution: {integrity: sha512-z2kY1mQlL4J8q5EIsQkLzQjilovKzfNVhX8De6oyE6uHpfFtyBaqUpcl/XzJC/4fjD8vBDyh1zolimIcVrCn9g==}
    hasBin: true

  picocolors@1.1.1:
    resolution: {integrity: sha512-xceH2snhtb5M9liqDsmEw56le376mTZkEX/jEb/RxNFyegNul7eNslCXP9FDj/Lcu0X8KEyMceP2ntpaHrDEVA==}

  picomatch@2.3.1:
    resolution: {integrity: sha512-JU3teHTNjmE2VCGFzuY8EXzCDVwEqB2a8fsIvwaStHhAWJEeVd1o1QD80CU6+ZdEXXSLbSsuLwJjkCBWqRQUVA==}
    engines: {node: '>=8.6'}

  postcss-selector-parser@7.1.1:
    resolution: {integrity: sha512-orRsuYpJVw8LdAwqqLykBj9ecS5/cRHlI5+nvTo8LcCKmzDmqVORXtOIYEEQuL9D4BxtA1lm5isAqzQZCoQ6Eg==}
    engines: {node: '>=4'}

  postcss@8.5.8:
    resolution: {integrity: sha512-OW/rX8O/jXnm82Ey1k44pObPtdblfiuWnrd8X7GJ7emImCOstunGbXUpp7HdBrFQX6rJzn3sPT397Wp5aCwCHg==}
    engines: {node: ^10 || ^12 || >=14}

  prettier@3.8.0:
    resolution: {integrity: sha512-yEPsovQfpxYfgWNhCfECjG5AQaO+K3dp6XERmOepyPDVqcJm+bjyCVO3pmU+nAPe0N5dDvekfGezt/EIiRe1TA==}
    engines: {node: '>=14'}
    hasBin: true

  purgecss@8.0.0:
    resolution: {integrity: sha512-QFJyps9y5oHeXnNA3Ql1EaAqWBivNwQn19Pw1lt9RxfB+4e+bIyqCyuombk79D6Fxe+lPXggVfI1WtRGEBwgbQ==}
    hasBin: true

  queue-microtask@1.2.3:
    resolution: {integrity: sha512-NuaNSa6flKT5JaSYQzJok04JzTL1CA6aGhv5rfLW3PgqA+M2ChpZQnAC8h8i4ZFkBS8X5RqkDBHA7r4hej3K9A==}

  reusify@1.1.0:
    resolution: {integrity: sha512-g6QUff04oZpHs0eG5p83rFLhHeV00ug/Yf9nZM6fLeUrPguBTkTQOdpAWWspMh55TZfVQDPaN3NQJfbVRAxdIw==}
    engines: {iojs: '>=1.0.0', node: '>=0.10.0'}

  run-parallel@1.2.0:
    resolution: {integrity: sha512-5l4VyZR86LZ/lDxZTR6jqL8AFE2S0IFLMP26AbjsLVADxHdhB/c0GUsH+y39UfCi3dzz8OlQuPmnaJOMoDHQBA==}

  source-map-js@1.2.1:
    resolution: {integrity: sha512-UXWMKhLOwVKb728IUtQPXxfYU+usdybtUrK/8uGE8CQMvrhOpwvzDBwj0QhSL7MQc7vIsISBG8VQ8+IDQxpfQA==}
    engines: {node: '>=0.10.0'}

  to-regex-range@5.0.1:
    resolution: {integrity: sha512-65P7iz6X5yEr1cwcgvQxbbIw7Uk3gOy5dIdtZ4rDveLqhrdJP+Li/Hx6tyK0NEb+2GCyneCMJiGqrADCSNk8sQ==}
    engines: {node: '>=8.0'}

  util-deprecate@1.0.2:
    resolution: {integrity: sha512-EPD5q1uXyFxJpCrLnCc1nHnq3gOa6DZBocAIiI2TaSCA7VCJ1UJDMagCzIkXNsUYfD1daK//LTEQ8xiIbrHtcw==}

snapshots:

  '@nodelib/fs.scandir@2.1.5':
    dependencies:
      '@nodelib/fs.stat': 2.0.5
      run-parallel: 1.2.0

  '@nodelib/fs.stat@2.0.5': {}

  '@nodelib/fs.walk@1.2.8':
    dependencies:
      '@nodelib/fs.scandir': 2.1.5
      fastq: 1.20.1

  '@pagefind/darwin-arm64@1.4.0':
    optional: true

  '@pagefind/darwin-x64@1.4.0':
    optional: true

  '@pagefind/freebsd-x64@1.4.0':
    optional: true

  '@pagefind/linux-arm64@1.4.0':
    optional: true

  '@pagefind/linux-x64@1.4.0':
    optional: true

  '@pagefind/windows-x64@1.4.0':
    optional: true

  '@shopify/liquid-html-parser@2.9.0':
    dependencies:
      line-column: 1.0.2
      ohm-js: 17.3.0

  '@shopify/prettier-plugin-liquid@1.10.0(prettier@3.8.0)':
    dependencies:
      '@shopify/liquid-html-parser': 2.9.0
      html-styles: 1.0.0
      prettier: 3.8.0

  braces@3.0.3:
    dependencies:
      fill-range: 7.1.1

  bulma@1.0.4: {}

  commander@12.1.0: {}

  cssesc@3.0.0: {}

  detect-libc@2.1.2: {}

  fast-glob@3.3.3:
    dependencies:
      '@nodelib/fs.stat': 2.0.5
      '@nodelib/fs.walk': 1.2.8
      glob-parent: 5.1.2
      merge2: 1.4.1
      micromatch: 4.0.8

  fastq@1.20.1:
    dependencies:
      reusify: 1.1.0

  fill-range@7.1.1:
    dependencies:
      to-regex-range: 5.0.1

  glob-parent@5.1.2:
    dependencies:
      is-glob: 4.0.3

  html-styles@1.0.0: {}

  is-extglob@2.1.1: {}

  is-glob@4.0.3:
    dependencies:
      is-extglob: 2.1.1

  is-number@7.0.0: {}

  isarray@1.0.0: {}

  isobject@2.1.0:
    dependencies:
      isarray: 1.0.0

  lightningcss-cli-android-arm64@1.30.2:
    optional: true

  lightningcss-cli-darwin-arm64@1.30.2:
    optional: true

  lightningcss-cli-darwin-x64@1.30.2:
    optional: true

  lightningcss-cli-freebsd-x64@1.30.2:
    optional: true

  lightningcss-cli-linux-arm-gnueabihf@1.30.2:
    optional: true

  lightningcss-cli-linux-arm64-gnu@1.30.2:
    optional: true

  lightningcss-cli-linux-arm64-musl@1.30.2:
    optional: true

  lightningcss-cli-linux-x64-gnu@1.30.2:
    optional: true

  lightningcss-cli-linux-x64-musl@1.30.2:
    optional: true

  lightningcss-cli-win32-arm64-msvc@1.30.2:
    optional: true

  lightningcss-cli-win32-x64-msvc@1.30.2:
    optional: true

  lightningcss-cli@1.30.2:
    dependencies:
      detect-libc: 2.1.2
    optionalDependencies:
      lightningcss-cli-android-arm64: 1.30.2
      lightningcss-cli-darwin-arm64: 1.30.2
      lightningcss-cli-darwin-x64: 1.30.2
      lightningcss-cli-freebsd-x64: 1.30.2
      lightningcss-cli-linux-arm-gnueabihf: 1.30.2
      lightningcss-cli-linux-arm64-gnu: 1.30.2
      lightningcss-cli-linux-arm64-musl: 1.30.2
      lightningcss-cli-linux-x64-gnu: 1.30.2
      lightningcss-cli-linux-x64-musl: 1.30.2
      lightningcss-cli-win32-arm64-msvc: 1.30.2
      lightningcss-cli-win32-x64-msvc: 1.30.2

  line-column@1.0.2:
    dependencies:
      isarray: 1.0.0
      isobject: 2.1.0

  merge2@1.4.1: {}

  micromatch@4.0.8:
    dependencies:
      braces: 3.0.3
      picomatch: 2.3.1

  nanoid@3.3.11: {}

  ohm-js@17.3.0: {}

  pagefind@1.4.0:
    optionalDependencies:
      '@pagefind/darwin-arm64': 1.4.0
      '@pagefind/darwin-x64': 1.4.0
      '@pagefind/freebsd-x64': 1.4.0
      '@pagefind/linux-arm64': 1.4.0
      '@pagefind/linux-x64': 1.4.0
      '@pagefind/windows-x64': 1.4.0

  picocolors@1.1.1: {}

  picomatch@2.3.1: {}

  postcss-selector-parser@7.1.1:
    dependencies:
      cssesc: 3.0.0
      util-deprecate: 1.0.2

  postcss@8.5.8:
    dependencies:
      nanoid: 3.3.11
      picocolors: 1.1.1
      source-map-js: 1.2.1

  prettier@3.8.0: {}

  purgecss@8.0.0:
    dependencies:
      commander: 12.1.0
      fast-glob: 3.3.3
      postcss: 8.5.8
      postcss-selector-parser: 7.1.1

  queue-microtask@1.2.3: {}

  reusify@1.1.0: {}

  run-parallel@1.2.0:
    dependencies:
      queue-microtask: 1.2.3

  source-map-js@1.2.1: {}

  to-regex-range@5.0.1:
    dependencies:
      is-number: 7.0.0

  util-deprecate@1.0.2: {}
